
Microsoft Visual Studio Solution File, Format Version 12.00
# Visual Studio Version 17
VisualStudioVersion = 17.3.32901.215
MinimumVisualStudioVersion = 10.0.40219.1
Project("{FAE04EC0-301F-11D3-BF4B-00C04F79EFBC}") = "MyActivities.API", "MyActivities.API\MyActivities.API.csproj", "{82E75494-DF47-4403-8C4C-94696316586D}"
EndProject
Global
	GlobalSection(SolutionConfigurationPlatforms) = preSolution
		Debug|Any CPU = Debug|Any CPU
		Release|Any CPU = Release|Any CPU
	EndGlobalSection
	GlobalSection(ProjectConfigurationPlatforms) = postSolution
		{82E75494-DF47-4403-8C4C-94696316586D}.Debug|Any CPU.ActiveCfg = Debug|Any CPU
		{82E75494-DF47-4403-8C4C-94696316586D}.Debug|Any CPU.Build.0 = Debug|Any CPU
		{82E75494-DF47-4403-8C4C-94696316586D}.Release|Any CPU.ActiveCfg = Release|Any CPU
		{82E75494-DF47-4403-8C4C-94696316586D}.Release|Any CPU.Build.0 = Release|Any CPU
	EndGlobalSection
	GlobalSection(SolutionProperties) = preSolution
		HideSolutionNode = FALSE
	EndGlobalSection
	GlobalSection(ExtensibilityGlobals) = postSolution
		SolutionGuid = {505BC1D1-1390-4C91-B472-0424CE02B804}
	EndGlobalSection
EndGlobal
